
Microsoft Visual Studio Solution File, Format Version 12.00
# Visual Studio Version 16
VisualStudioVersion = 16.0.29728.190
MinimumVisualStudioVersion = 10.0.40219.1
Project("{888888A0-9F3D-457C-B088-3A5042F75D52}") = "markSpace", "markSpace.pyproj", "{003BDB9F-A160-4C65-B711-55BB5FC5C042}"
EndProject
Global
	GlobalSection(SolutionConfigurationPlatforms) = preSolution
		Debug|Any CPU = Debug|Any CPU
		Release|Any CPU = Release|Any CPU
	EndGlobalSection
	GlobalSection(ProjectConfigurationPlatforms) = postSolution
		{003BDB9F-A160-4C65-B711-55BB5FC5C042}.Debug|Any CPU.ActiveCfg = Debug|Any CPU
		{003BDB9F-A160-4C65-B711-55BB5FC5C042}.Release|Any CPU.ActiveCfg = Release|Any CPU
	EndGlobalSection
	GlobalSection(SolutionProperties) = preSolution
		HideSolutionNode = FALSE
	EndGlobalSection
	GlobalSection(ExtensibilityGlobals) = postSolution
		SolutionGuid = {A9D2A113-37E1-49C2-8334-4301EAAEE4A5}
	EndGlobalSection
EndGlobal
