
Microsoft Visual Studio Solution File, Format Version 12.00
# Visual Studio Version 16
VisualStudioVersion = 16.0.29728.190
MinimumVisualStudioVersion = 10.0.40219.1
Project("{888888A0-9F3D-457C-B088-3A5042F75D52}") = "createSheetsForPanel", "createSheetsForPanel.pyproj", "{954C63DC-2E2F-4562-9A62-A3C1E2609963}"
EndProject
Global
	GlobalSection(SolutionConfigurationPlatforms) = preSolution
		Debug|Any CPU = Debug|Any CPU
		Release|Any CPU = Release|Any CPU
	EndGlobalSection
	GlobalSection(ProjectConfigurationPlatforms) = postSolution
		{954C63DC-2E2F-4562-9A62-A3C1E2609963}.Debug|Any CPU.ActiveCfg = Debug|Any CPU
		{954C63DC-2E2F-4562-9A62-A3C1E2609963}.Release|Any CPU.ActiveCfg = Release|Any CPU
	EndGlobalSection
	GlobalSection(SolutionProperties) = preSolution
		HideSolutionNode = FALSE
	EndGlobalSection
	GlobalSection(ExtensibilityGlobals) = postSolution
		SolutionGuid = {BDF477AC-7F50-4D71-9EEC-13FBEB3E02B9}
	EndGlobalSection
EndGlobal
